
Microsoft Visual Studio Solution File, Format Version 12.00
# Visual Studio Version 17
VisualStudioVersion = 17.7.34031.279
MinimumVisualStudioVersion = 10.0.40219.1
Project("{FAE04EC0-301F-11D3-BF4B-00C04F79EFBC}") = "Cards", "Cards\Cards.csproj", "{BDD96729-01F6-4B80-B6D3-FD59AD5C203F}"
EndProject
Global
	GlobalSection(SolutionConfigurationPlatforms) = preSolution
		Debug|Any CPU = Debug|Any CPU
		Release|Any CPU = Release|Any CPU
	EndGlobalSection
	GlobalSection(ProjectConfigurationPlatforms) = postSolution
		{BDD96729-01F6-4B80-B6D3-FD59AD5C203F}.Debug|Any CPU.ActiveCfg = Debug|Any CPU
		{BDD96729-01F6-4B80-B6D3-FD59AD5C203F}.Debug|Any CPU.Build.0 = Debug|Any CPU
		{BDD96729-01F6-4B80-B6D3-FD59AD5C203F}.Release|Any CPU.ActiveCfg = Release|Any CPU
		{BDD96729-01F6-4B80-B6D3-FD59AD5C203F}.Release|Any CPU.Build.0 = Release|Any CPU
	EndGlobalSection
	GlobalSection(SolutionProperties) = preSolution
		HideSolutionNode = FALSE
	EndGlobalSection
	GlobalSection(ExtensibilityGlobals) = postSolution
		SolutionGuid = {B18801BE-5398-483C-9AEC-005814EACF85}
	EndGlobalSection
EndGlobal
